
Microsoft Visual Studio Solution File, Format Version 12.00
# Visual Studio Version 17
VisualStudioVersion = 17.4.33205.214
MinimumVisualStudioVersion = 10.0.40219.1
Project("{778DAE3C-4631-46EA-AA77-85C1314464D9}") = "BlightOfSPLORR", "BlightOfSPLORR\BlightOfSPLORR.vbproj", "{E1095F91-6B7F-47A8-9971-07DDBF8A3C6B}"
EndProject
Project("{778DAE3C-4631-46EA-AA77-85C1314464D9}") = "SPLORR.Game", "SPLORR.Game\SPLORR.Game.vbproj", "{6107A315-1044-428A-8BC8-2F83B1D71B1F}"
EndProject
Project("{778DAE3C-4631-46EA-AA77-85C1314464D9}") = "SRPG.Data", "SRPG.Data\SRPG.Data.vbproj", "{5231A1B1-0988-4F00-B7FC-3253E8553846}"
EndProject
Project("{778DAE3C-4631-46EA-AA77-85C1314464D9}") = "SRPG.Business", "SRPG.Business\SRPG.Business.vbproj", "{7D5F1960-31E8-4744-9C94-E2F2F635AE86}"
EndProject
Project("{2150E333-8FDC-42A3-9474-1A3956D46DE8}") = "BOS", "BOS", "{46B20950-7812-485A-A6B7-91A0D847E57D}"
EndProject
Project("{2150E333-8FDC-42A3-9474-1A3956D46DE8}") = "Common", "Common", "{BACE44B1-64B2-4D23-842F-32EA5D6E44D4}"
EndProject
Project("{2150E333-8FDC-42A3-9474-1A3956D46DE8}") = "SRPG", "SRPG", "{526DCBC0-D40D-46FA-BF10-504EC4DB770C}"
EndProject
Global
	GlobalSection(SolutionConfigurationPlatforms) = preSolution
		Debug|Any CPU = Debug|Any CPU
		Release|Any CPU = Release|Any CPU
	EndGlobalSection
	GlobalSection(ProjectConfigurationPlatforms) = postSolution
		{E1095F91-6B7F-47A8-9971-07DDBF8A3C6B}.Debug|Any CPU.ActiveCfg = Debug|Any CPU
		{E1095F91-6B7F-47A8-9971-07DDBF8A3C6B}.Debug|Any CPU.Build.0 = Debug|Any CPU
		{E1095F91-6B7F-47A8-9971-07DDBF8A3C6B}.Release|Any CPU.ActiveCfg = Release|Any CPU
		{E1095F91-6B7F-47A8-9971-07DDBF8A3C6B}.Release|Any CPU.Build.0 = Release|Any CPU
		{6107A315-1044-428A-8BC8-2F83B1D71B1F}.Debug|Any CPU.ActiveCfg = Debug|Any CPU
		{6107A315-1044-428A-8BC8-2F83B1D71B1F}.Debug|Any CPU.Build.0 = Debug|Any CPU
		{6107A315-1044-428A-8BC8-2F83B1D71B1F}.Release|Any CPU.ActiveCfg = Release|Any CPU
		{6107A315-1044-428A-8BC8-2F83B1D71B1F}.Release|Any CPU.Build.0 = Release|Any CPU
		{5231A1B1-0988-4F00-B7FC-3253E8553846}.Debug|Any CPU.ActiveCfg = Debug|Any CPU
		{5231A1B1-0988-4F00-B7FC-3253E8553846}.Debug|Any CPU.Build.0 = Debug|Any CPU
		{5231A1B1-0988-4F00-B7FC-3253E8553846}.Release|Any CPU.ActiveCfg = Release|Any CPU
		{5231A1B1-0988-4F00-B7FC-3253E8553846}.Release|Any CPU.Build.0 = Release|Any CPU
		{7D5F1960-31E8-4744-9C94-E2F2F635AE86}.Debug|Any CPU.ActiveCfg = Debug|Any CPU
		{7D5F1960-31E8-4744-9C94-E2F2F635AE86}.Debug|Any CPU.Build.0 = Debug|Any CPU
		{7D5F1960-31E8-4744-9C94-E2F2F635AE86}.Release|Any CPU.ActiveCfg = Release|Any CPU
		{7D5F1960-31E8-4744-9C94-E2F2F635AE86}.Release|Any CPU.Build.0 = Release|Any CPU
	EndGlobalSection
	GlobalSection(SolutionProperties) = preSolution
		HideSolutionNode = FALSE
	EndGlobalSection
	GlobalSection(NestedProjects) = preSolution
		{E1095F91-6B7F-47A8-9971-07DDBF8A3C6B} = {46B20950-7812-485A-A6B7-91A0D847E57D}
		{6107A315-1044-428A-8BC8-2F83B1D71B1F} = {BACE44B1-64B2-4D23-842F-32EA5D6E44D4}
		{5231A1B1-0988-4F00-B7FC-3253E8553846} = {526DCBC0-D40D-46FA-BF10-504EC4DB770C}
		{7D5F1960-31E8-4744-9C94-E2F2F635AE86} = {526DCBC0-D40D-46FA-BF10-504EC4DB770C}
	EndGlobalSection
	GlobalSection(ExtensibilityGlobals) = postSolution
		SolutionGuid = {934A9EC9-1ABD-4967-8204-138C524C1CCC}
	EndGlobalSection
EndGlobal
